
Microsoft Visual Studio Solution File, Format Version 12.00
# Visual Studio Version 17
VisualStudioVersion = 17.1.32407.343
MinimumVisualStudioVersion = 10.0.40219.1
Project("{FAE04EC0-301F-11D3-BF4B-00C04F79EFBC}") = "PBOFIX", "PBOFIX\PBOFIX.csproj", "{AB749B85-9997-4D6A-9C04-C75F91D237CB}"
EndProject
Global
	GlobalSection(SolutionConfigurationPlatforms) = preSolution
		Debug|Any CPU = Debug|Any CPU
		Release|Any CPU = Release|Any CPU
	EndGlobalSection
	GlobalSection(ProjectConfigurationPlatforms) = postSolution
		{AB749B85-9997-4D6A-9C04-C75F91D237CB}.Debug|Any CPU.ActiveCfg = Debug|Any CPU
		{AB749B85-9997-4D6A-9C04-C75F91D237CB}.Debug|Any CPU.Build.0 = Debug|Any CPU
		{AB749B85-9997-4D6A-9C04-C75F91D237CB}.Release|Any CPU.ActiveCfg = Release|Any CPU
		{AB749B85-9997-4D6A-9C04-C75F91D237CB}.Release|Any CPU.Build.0 = Release|Any CPU
	EndGlobalSection
	GlobalSection(SolutionProperties) = preSolution
		HideSolutionNode = FALSE
	EndGlobalSection
	GlobalSection(ExtensibilityGlobals) = postSolution
		SolutionGuid = {420162F4-F4FF-47E6-BB30-60D9794F6321}
	EndGlobalSection
EndGlobal
